<?xml version="1.0" encoding="utf-8"?>
<Project ToolsVersion="4.0" xmlns="http://schemas.microsoft.com/developer/msbuild/2003">
  <ItemGroup>
    <Filter Include="Source Files">
      <UniqueIdentifier>{4FC737F1-C7A5-4376-A066-2A32D752A2FF}</UniqueIdentifier>
      <Extensions>cpp;c;cc;cxx;def;odl;idl;hpj;bat;asm;asmx</Extensions>
    </Filter>
    <Filter Include="Header Files">
      <UniqueIdentifier>{93995380-89BD-4b04-88EB-625FBE52EBFB}</UniqueIdentifier>
      <Extensions>h;hh;hpp;hxx;hm;inl;inc;xsd</Extensions>
    </Filter>
    <Filter Include="Resource Files">
      <UniqueIdentifier>{67DA6AB6-F800-4c08-8B7A-83BB121AAD01}</UniqueIdentifier>
      <Extensions>rc;ico;cur;bmp;dlg;rc2;rct;bin;rgs;gif;jpg;jpeg;jpe;resx;tiff;tif;png;wav;mfcribbon-ms</Extensions>
    </Filter>
    <Filter Include="Header Files\Error">
      <UniqueIdentifier>{7fd8e484-b2a1-4412-a270-45b25aff90e3}</UniqueIdentifier>
    </Filter>
    <Filter Include="Source Files\Error">
      <UniqueIdentifier>{7aeacb8a-a9ea-4f7c-ab7d-22a56f9d9761}</UniqueIdentifier>
    </Filter>
    <Filter Include="Header Files\Network">
      <UniqueIdentifier>{be6a8444-df33-4d00-9e7a-297f898f9d36}</UniqueIdentifier>
    </Filter>
    <Filter Include="Source Files\Network">
      <UniqueIdentifier>{d4aa7080-c009-4de7-87cd-6a2f49bf9d0e}</UniqueIdentifier>
    </Filter>
    <Filter Include="Header Files\Game">
      <UniqueIdentifier>{c550de08-ab2c-4fe3-9a34-d44a7e280f67}</UniqueIdentifier>
    </Filter>
    <Filter Include="Source Files\Game">
      <UniqueIdentifier>{3aa4012b-4742-4592-96ec-08eede9ba807}</UniqueIdentifier>
    </Filter>
    <Filter Include="Header Files\Data">
      <UniqueIdentifier>{db1b1a54-b49e-408e-bc53-774318ba7910}</UniqueIdentifier>
    </Filter>
    <Filter Include="Source Files\Data">
      <UniqueIdentifier>{47115ab1-5d91-431d-86df-94ea29519eee}</UniqueIdentifier>
    </Filter>
  </ItemGroup>
  <ItemGroup>
    <ClInclude Include="Error.h">
      <Filter>Header Files\Error</Filter>
    </ClInclude>
    <ClInclude Include="Connection.h">
      <Filter>Header Files\Network</Filter>
    </ClInclude>
    <ClInclude Include="DataHandling.h">
      <Filter>Header Files\Network</Filter>
    </ClInclude>
    <ClInclude Include="NetworkExceptions.h">
      <Filter>Header Files\Network</Filter>
    </ClInclude>
    <ClInclude Include="Buffers.h">
      <Filter>Header Files\Data</Filter>
    </ClInclude>
    <ClInclude Include="game_structures.h">
      <Filter>Header Files\Game</Filter>
    </ClInclude>
    <ClInclude Include="Sharing.h">
      <Filter>Header Files\Data</Filter>
    </ClInclude>
  </ItemGroup>
  <ItemGroup>
    <ClCompile Include="Error.cpp">
      <Filter>Source Files\Error</Filter>
    </ClCompile>
    <ClCompile Include="Connection.cpp">
      <Filter>Source Files\Network</Filter>
    </ClCompile>
    <ClCompile Include="NetworkExceptions.cpp">
      <Filter>Source Files\Network</Filter>
    </ClCompile>
    <ClCompile Include="DataHandling.cpp">
      <Filter>Source Files\Network</Filter>
    </ClCompile>
    <ClCompile Include="Buffers.cpp">
      <Filter>Source Files\Data</Filter>
    </ClCompile>
    <ClCompile Include="game_structures.cpp">
      <Filter>Source Files\Game</Filter>
    </ClCompile>
    <ClCompile Include="Sharing.cpp">
      <Filter>Source Files\Data</Filter>
    </ClCompile>
  </ItemGroup>
</Project>